
Microsoft Visual Studio Solution File, Format Version 12.00
# Visual Studio Version 17
VisualStudioVersion = 17.4.33205.214
MinimumVisualStudioVersion = 10.0.40219.1
Project("{FAE04EC0-301F-11D3-BF4B-00C04F79EFBC}") = "NoScam platform", "NoScam platform.csproj", "{20DED960-391A-457F-802C-3845771BF84D}"
EndProject
Global
	GlobalSection(SolutionConfigurationPlatforms) = preSolution
		Debug|Any CPU = Debug|Any CPU
		Release|Any CPU = Release|Any CPU
	EndGlobalSection
	GlobalSection(ProjectConfigurationPlatforms) = postSolution
		{20DED960-391A-457F-802C-3845771BF84D}.Debug|Any CPU.ActiveCfg = Debug|Any CPU
		{20DED960-391A-457F-802C-3845771BF84D}.Debug|Any CPU.Build.0 = Debug|Any CPU
		{20DED960-391A-457F-802C-3845771BF84D}.Release|Any CPU.ActiveCfg = Release|Any CPU
		{20DED960-391A-457F-802C-3845771BF84D}.Release|Any CPU.Build.0 = Release|Any CPU
	EndGlobalSection
	GlobalSection(SolutionProperties) = preSolution
		HideSolutionNode = FALSE
	EndGlobalSection
	GlobalSection(ExtensibilityGlobals) = postSolution
		SolutionGuid = {01E392B7-892D-44B7-A364-C6F538E0C840}
	EndGlobalSection
EndGlobal
